// !$*UTF8*$!
{
	archiveVersion = 1;
	classes = {
	};
	objectVersion = 55;
	objects = {

/* Begin PBXBuildFile section */
		A20199BD278D330300599C29 /* ApiTest.swift in Sources */ = {isa = PBXBuildFile; fileRef = A20199BB278D330300599C29 /* ApiTest.swift */; };
		A20199BE278D330300599C29 /* HTTPConfig.swift in Sources */ = {isa = PBXBuildFile; fileRef = A20199BC278D330300599C29 /* HTTPConfig.swift */; };
		A20199C9278E971400599C29 /* SceneDelegate.swift in Sources */ = {isa = PBXBuildFile; fileRef = A20199C8278E971400599C29 /* SceneDelegate.swift */; };
		A2066910278ECB3500384380 /* PostDataCenter.swift in Sources */ = {isa = PBXBuildFile; fileRef = A206690F278ECB3500384380 /* PostDataCenter.swift */; };
		A2066913278ECB6E00384380 /* PostMods.swift in Sources */ = {isa = PBXBuildFile; fileRef = A2066912278ECB6E00384380 /* PostMods.swift */; };
		A2066916278ECB9700384380 /* PostApis.swift in Sources */ = {isa = PBXBuildFile; fileRef = A2066915278ECB9700384380 /* PostApis.swift */; };
		A2066918278ECBBE00384380 /* UserManager.swift in Sources */ = {isa = PBXBuildFile; fileRef = A2066917278ECBBE00384380 /* UserManager.swift */; };
		A206691A278ED44B00384380 /* FeedBackView.swift in Sources */ = {isa = PBXBuildFile; fileRef = A2066919278ED44B00384380 /* FeedBackView.swift */; };
		A208017A27896B62008461DA /* FantasyWeiboApp.swift in Sources */ = {isa = PBXBuildFile; fileRef = A208016A27896B61008461DA /* FantasyWeiboApp.swift */; };
		A208017C27896B62008461DA /* ContentView.swift in Sources */ = {isa = PBXBuildFile; fileRef = A208016B27896B61008461DA /* ContentView.swift */; };
		A208017E27896B62008461DA /* Assets.xcassets in Resources */ = {isa = PBXBuildFile; fileRef = A208016C27896B62008461DA /* Assets.xcassets */; };
		A208018A27896CD5008461DA /* FantasyWeibo(iOS)-Bridging-Header.m in Sources */ = {isa = PBXBuildFile; fileRef = A208018927896CD5008461DA /* FantasyWeibo(iOS)-Bridging-Header.m */; };
		A20801B127896D00008461DA /* Tabbar.swift in Sources */ = {isa = PBXBuildFile; fileRef = A208018C27896D00008461DA /* Tabbar.swift */; };
		A20801B227896D00008461DA /* InBoxView.swift in Sources */ = {isa = PBXBuildFile; fileRef = A208018E27896D00008461DA /* InBoxView.swift */; };
		A20801B327896D00008461DA /* PolularView.swift in Sources */ = {isa = PBXBuildFile; fileRef = A208019027896D00008461DA /* PolularView.swift */; };
		A20801B427896D00008461DA /* PolularVideo.swift in Sources */ = {isa = PBXBuildFile; fileRef = A208019127896D00008461DA /* PolularVideo.swift */; };
		A20801B527896D00008461DA /* PolularPost.swift in Sources */ = {isa = PBXBuildFile; fileRef = A208019227896D00008461DA /* PolularPost.swift */; };
		A20801B627896D00008461DA /* PolularSpace.swift in Sources */ = {isa = PBXBuildFile; fileRef = A208019327896D00008461DA /* PolularSpace.swift */; };
		A20801B727896D00008461DA /* PolularPhoto.swift in Sources */ = {isa = PBXBuildFile; fileRef = A208019427896D00008461DA /* PolularPhoto.swift */; };
		A20801B827896D00008461DA /* SearchView.swift in Sources */ = {isa = PBXBuildFile; fileRef = A208019627896D00008461DA /* SearchView.swift */; };
		A20801B927896D00008461DA /* SearchInputView.swift in Sources */ = {isa = PBXBuildFile; fileRef = A208019727896D00008461DA /* SearchInputView.swift */; };
		A20801BA27896D00008461DA /* ProFileView.swift in Sources */ = {isa = PBXBuildFile; fileRef = A208019927896D00008461DA /* ProFileView.swift */; };
		A20801BB27896D00008461DA /* SettingView.swift in Sources */ = {isa = PBXBuildFile; fileRef = A208019B27896D00008461DA /* SettingView.swift */; };
		A20801BC27896D00008461DA /* PostDetailView.swift in Sources */ = {isa = PBXBuildFile; fileRef = A208019D27896D00008461DA /* PostDetailView.swift */; };
		A20801BD27896D00008461DA /* TimeLineView.swift in Sources */ = {isa = PBXBuildFile; fileRef = A208019E27896D00008461DA /* TimeLineView.swift */; };
		A20801BE27896D00008461DA /* PostRaw.swift in Sources */ = {isa = PBXBuildFile; fileRef = A208019F27896D00008461DA /* PostRaw.swift */; };
		A20801BF27896D00008461DA /* LoginView.swift in Sources */ = {isa = PBXBuildFile; fileRef = A20801A127896D00008461DA /* LoginView.swift */; };
		A20801C027896D00008461DA /* LacunchManager.swift in Sources */ = {isa = PBXBuildFile; fileRef = A20801A327896D00008461DA /* LacunchManager.swift */; };
		A20801C127896D00008461DA /* MT_PageSegmentView.swift in Sources */ = {isa = PBXBuildFile; fileRef = A20801A527896D00008461DA /* MT_PageSegmentView.swift */; };
		A20801C227896D00008461DA /* WebView.swift in Sources */ = {isa = PBXBuildFile; fileRef = A20801A627896D00008461DA /* WebView.swift */; };
		A20801C327896D00008461DA /* MT_PageScrollowView.swift in Sources */ = {isa = PBXBuildFile; fileRef = A20801A727896D00008461DA /* MT_PageScrollowView.swift */; };
		A20801C427896D00008461DA /* PF_TextField.swift in Sources */ = {isa = PBXBuildFile; fileRef = A20801A827896D00008461DA /* PF_TextField.swift */; };
		A20801C527896D00008461DA /* PublicFuncs.swift in Sources */ = {isa = PBXBuildFile; fileRef = A20801A927896D00008461DA /* PublicFuncs.swift */; };
		A20801C627896D00008461DA /* Buttons.swift in Sources */ = {isa = PBXBuildFile; fileRef = A20801AB27896D00008461DA /* Buttons.swift */; };
		A20801C727896D00008461DA /* Comps.swift in Sources */ = {isa = PBXBuildFile; fileRef = A20801AD27896D00008461DA /* Comps.swift */; };
		A20801C827896D00008461DA /* Font.swift in Sources */ = {isa = PBXBuildFile; fileRef = A20801AE27896D00008461DA /* Font.swift */; };
		A20801C927896D00008461DA /* Color.swift in Sources */ = {isa = PBXBuildFile; fileRef = A20801AF27896D00008461DA /* Color.swift */; };
		A20801CA27896D00008461DA /* UIstate.swift in Sources */ = {isa = PBXBuildFile; fileRef = A20801B027896D00008461DA /* UIstate.swift */; };
		A208025C27896FF2008461DA /* AppDelegate.swift in Sources */ = {isa = PBXBuildFile; fileRef = A208025A27896FF1008461DA /* AppDelegate.swift */; };
		A208025D27896FF2008461DA /* DefultStore.swift in Sources */ = {isa = PBXBuildFile; fileRef = A208025B27896FF1008461DA /* DefultStore.swift */; };
		A2080260278974D1008461DA /* MiSans-Semibold.ttf in Resources */ = {isa = PBXBuildFile; fileRef = A208022C27896D23008461DA /* MiSans-Semibold.ttf */; };
		A20802622789771A008461DA /* MiSans-Normal.ttf in Resources */ = {isa = PBXBuildFile; fileRef = A20802612789771A008461DA /* MiSans-Normal.ttf */; };
		C0AE95AB62543DD693B05D06 /* Pods_FantasyWeibo__iOS_.framework in Frameworks */ = {isa = PBXBuildFile; fileRef = AF88F2E2428E944BAA7434CC /* Pods_FantasyWeibo__iOS_.framework */; };
/* End PBXBuildFile section */

/* Begin PBXFileReference section */
		59ABB73B26A97160BE2DD990 /* Pods-FantasyWeibo (iOS).release.xcconfig */ = {isa = PBXFileReference; includeInIndex = 1; lastKnownFileType = text.xcconfig; name = "Pods-FantasyWeibo (iOS).release.xcconfig"; path = "Target Support Files/Pods-FantasyWeibo (iOS)/Pods-FantasyWeibo (iOS).release.xcconfig"; sourceTree = "<group>"; };
		776E55F5B1444D47B6731114 /* Pods-FantasyWeibo (iOS).debug.xcconfig */ = {isa = PBXFileReference; includeInIndex = 1; lastKnownFileType = text.xcconfig; name = "Pods-FantasyWeibo (iOS).debug.xcconfig"; path = "Target Support Files/Pods-FantasyWeibo (iOS)/Pods-FantasyWeibo (iOS).debug.xcconfig"; sourceTree = "<group>"; };
		A20199BB278D330300599C29 /* ApiTest.swift */ = {isa = PBXFileReference; fileEncoding = 4; lastKnownFileType = sourcecode.swift; path = ApiTest.swift; sourceTree = "<group>"; };
		A20199BC278D330300599C29 /* HTTPConfig.swift */ = {isa = PBXFileReference; fileEncoding = 4; lastKnownFileType = sourcecode.swift; path = HTTPConfig.swift; sourceTree = "<group>"; };
		A20199C8278E971400599C29 /* SceneDelegate.swift */ = {isa = PBXFileReference; fileEncoding = 4; lastKnownFileType = sourcecode.swift; path = SceneDelegate.swift; sourceTree = "<group>"; };
		A206690F278ECB3500384380 /* PostDataCenter.swift */ = {isa = PBXFileReference; lastKnownFileType = sourcecode.swift; path = PostDataCenter.swift; sourceTree = "<group>"; };
		A2066912278ECB6E00384380 /* PostMods.swift */ = {isa = PBXFileReference; lastKnownFileType = sourcecode.swift; path = PostMods.swift; sourceTree = "<group>"; };
		A2066915278ECB9700384380 /* PostApis.swift */ = {isa = PBXFileReference; lastKnownFileType = sourcecode.swift; path = PostApis.swift; sourceTree = "<group>"; };
		A2066917278ECBBE00384380 /* UserManager.swift */ = {isa = PBXFileReference; lastKnownFileType = sourcecode.swift; path = UserManager.swift; sourceTree = "<group>"; };
		A2066919278ED44B00384380 /* FeedBackView.swift */ = {isa = PBXFileReference; lastKnownFileType = sourcecode.swift; path = FeedBackView.swift; sourceTree = "<group>"; };
		A208016A27896B61008461DA /* FantasyWeiboApp.swift */ = {isa = PBXFileReference; lastKnownFileType = sourcecode.swift; path = FantasyWeiboApp.swift; sourceTree = "<group>"; };
		A208016B27896B61008461DA /* ContentView.swift */ = {isa = PBXFileReference; lastKnownFileType = sourcecode.swift; path = ContentView.swift; sourceTree = "<group>"; };
		A208016C27896B62008461DA /* Assets.xcassets */ = {isa = PBXFileReference; lastKnownFileType = folder.assetcatalog; path = Assets.xcassets; sourceTree = "<group>"; };
		A208017127896B62008461DA /* Web3.app */ = {isa = PBXFileReference; explicitFileType = wrapper.application; includeInIndex = 0; path = Web3.app; sourceTree = BUILT_PRODUCTS_DIR; };
		A208018827896CD4008461DA /* FantasyWeibo (iOS)-Bridging-Header.h */ = {isa = PBXFileReference; lastKnownFileType = sourcecode.c.h; path = "FantasyWeibo (iOS)-Bridging-Header.h"; sourceTree = "<group>"; };
		A208018927896CD5008461DA /* FantasyWeibo(iOS)-Bridging-Header.m */ = {isa = PBXFileReference; lastKnownFileType = sourcecode.c.objc; path = "FantasyWeibo(iOS)-Bridging-Header.m"; sourceTree = "<group>"; };
		A208018C27896D00008461DA /* Tabbar.swift */ = {isa = PBXFileReference; fileEncoding = 4; lastKnownFileType = sourcecode.swift; path = Tabbar.swift; sourceTree = "<group>"; };
		A208018E27896D00008461DA /* InBoxView.swift */ = {isa = PBXFileReference; fileEncoding = 4; lastKnownFileType = sourcecode.swift; path = InBoxView.swift; sourceTree = "<group>"; };
		A208019027896D00008461DA /* PolularView.swift */ = {isa = PBXFileReference; fileEncoding = 4; lastKnownFileType = sourcecode.swift; path = PolularView.swift; sourceTree = "<group>"; };
		A208019127896D00008461DA /* PolularVideo.swift */ = {isa = PBXFileReference; fileEncoding = 4; lastKnownFileType = sourcecode.swift; path = PolularVideo.swift; sourceTree = "<group>"; };
		A208019227896D00008461DA /* PolularPost.swift */ = {isa = PBXFileReference; fileEncoding = 4; lastKnownFileType = sourcecode.swift; path = PolularPost.swift; sourceTree = "<group>"; };
		A208019327896D00008461DA /* PolularSpace.swift */ = {isa = PBXFileReference; fileEncoding = 4; lastKnownFileType = sourcecode.swift; path = PolularSpace.swift; sourceTree = "<group>"; };
		A208019427896D00008461DA /* PolularPhoto.swift */ = {isa = PBXFileReference; fileEncoding = 4; lastKnownFileType = sourcecode.swift; path = PolularPhoto.swift; sourceTree = "<group>"; };
		A208019627896D00008461DA /* SearchView.swift */ = {isa = PBXFileReference; fileEncoding = 4; lastKnownFileType = sourcecode.swift; path = SearchView.swift; sourceTree = "<group>"; };
		A208019727896D00008461DA /* SearchInputView.swift */ = {isa = PBXFileReference; fileEncoding = 4; lastKnownFileType = sourcecode.swift; path = SearchInputView.swift; sourceTree = "<group>"; };
		A208019927896D00008461DA /* ProFileView.swift */ = {isa = PBXFileReference; fileEncoding = 4; lastKnownFileType = sourcecode.swift; path = ProFileView.swift; sourceTree = "<group>"; };
		A208019B27896D00008461DA /* SettingView.swift */ = {isa = PBXFileReference; fileEncoding = 4; lastKnownFileType = sourcecode.swift; path = SettingView.swift; sourceTree = "<group>"; };
		A208019D27896D00008461DA /* PostDetailView.swift */ = {isa = PBXFileReference; fileEncoding = 4; lastKnownFileType = sourcecode.swift; path = PostDetailView.swift; sourceTree = "<group>"; };
		A208019E27896D00008461DA /* TimeLineView.swift */ = {isa = PBXFileReference; fileEncoding = 4; lastKnownFileType = sourcecode.swift; path = TimeLineView.swift; sourceTree = "<group>"; };
		A208019F27896D00008461DA /* PostRaw.swift */ = {isa = PBXFileReference; fileEncoding = 4; lastKnownFileType = sourcecode.swift; path = PostRaw.swift; sourceTree = "<group>"; };
		A20801A127896D00008461DA /* LoginView.swift */ = {isa = PBXFileReference; fileEncoding = 4; lastKnownFileType = sourcecode.swift; path = LoginView.swift; sourceTree = "<group>"; };
		A20801A327896D00008461DA /* LacunchManager.swift */ = {isa = PBXFileReference; fileEncoding = 4; lastKnownFileType = sourcecode.swift; path = LacunchManager.swift; sourceTree = "<group>"; };
		A20801A527896D00008461DA /* MT_PageSegmentView.swift */ = {isa = PBXFileReference; fileEncoding = 4; lastKnownFileType = sourcecode.swift; path = MT_PageSegmentView.swift; sourceTree = "<group>"; };
		A20801A627896D00008461DA /* WebView.swift */ = {isa = PBXFileReference; fileEncoding = 4; lastKnownFileType = sourcecode.swift; path = WebView.swift; sourceTree = "<group>"; };
		A20801A727896D00008461DA /* MT_PageScrollowView.swift */ = {isa = PBXFileReference; fileEncoding = 4; lastKnownFileType = sourcecode.swift; path = MT_PageScrollowView.swift; sourceTree = "<group>"; };
		A20801A827896D00008461DA /* PF_TextField.swift */ = {isa = PBXFileReference; fileEncoding = 4; lastKnownFileType = sourcecode.swift; path = PF_TextField.swift; sourceTree = "<group>"; };
		A20801A927896D00008461DA /* PublicFuncs.swift */ = {isa = PBXFileReference; fileEncoding = 4; lastKnownFileType = sourcecode.swift; path = PublicFuncs.swift; sourceTree = "<group>"; };
		A20801AB27896D00008461DA /* Buttons.swift */ = {isa = PBXFileReference; fileEncoding = 4; lastKnownFileType = sourcecode.swift; path = Buttons.swift; sourceTree = "<group>"; };
		A20801AD27896D00008461DA /* Comps.swift */ = {isa = PBXFileReference; fileEncoding = 4; lastKnownFileType = sourcecode.swift; path = Comps.swift; sourceTree = "<group>"; };
		A20801AE27896D00008461DA /* Font.swift */ = {isa = PBXFileReference; fileEncoding = 4; lastKnownFileType = sourcecode.swift; path = Font.swift; sourceTree = "<group>"; };
		A20801AF27896D00008461DA /* Color.swift */ = {isa = PBXFileReference; fileEncoding = 4; lastKnownFileType = sourcecode.swift; path = Color.swift; sourceTree = "<group>"; };
		A20801B027896D00008461DA /* UIstate.swift */ = {isa = PBXFileReference; fileEncoding = 4; lastKnownFileType = sourcecode.swift; path = UIstate.swift; sourceTree = "<group>"; };
		A208022C27896D23008461DA /* MiSans-Semibold.ttf */ = {isa = PBXFileReference; lastKnownFileType = file; path = "MiSans-Semibold.ttf"; sourceTree = "<group>"; };
		A208025A27896FF1008461DA /* AppDelegate.swift */ = {isa = PBXFileReference; fileEncoding = 4; lastKnownFileType = sourcecode.swift; path = AppDelegate.swift; sourceTree = "<group>"; };
		A208025B27896FF1008461DA /* DefultStore.swift */ = {isa = PBXFileReference; fileEncoding = 4; lastKnownFileType = sourcecode.swift; path = DefultStore.swift; sourceTree = "<group>"; };
		A208025E278970EF008461DA /* FantasyWeibo--iOS--Info.plist */ = {isa = PBXFileReference; lastKnownFileType = text.plist; path = "FantasyWeibo--iOS--Info.plist"; sourceTree = "<group>"; };
		A20802612789771A008461DA /* MiSans-Normal.ttf */ = {isa = PBXFileReference; lastKnownFileType = file; path = "MiSans-Normal.ttf"; sourceTree = "<group>"; };
		AF88F2E2428E944BAA7434CC /* Pods_FantasyWeibo__iOS_.framework */ = {isa = PBXFileReference; explicitFileType = wrapper.framework; includeInIndex = 0; path = Pods_FantasyWeibo__iOS_.framework; sourceTree = BUILT_PRODUCTS_DIR; };
/* End PBXFileReference section */

/* Begin PBXFrameworksBuildPhase section */
		A208016E27896B62008461DA /* Frameworks */ = {
			isa = PBXFrameworksBuildPhase;
			buildActionMask = 2147483647;
			files = (
				C0AE95AB62543DD693B05D06 /* Pods_FantasyWeibo__iOS_.framework in Frameworks */,
			);
			runOnlyForDeploymentPostprocessing = 0;
		};
/* End PBXFrameworksBuildPhase section */

/* Begin PBXGroup section */
		752F0769FC3B2A3B23F4D682 /* Pods */ = {
			isa = PBXGroup;
			children = (
				776E55F5B1444D47B6731114 /* Pods-FantasyWeibo (iOS).debug.xcconfig */,
				59ABB73B26A97160BE2DD990 /* Pods-FantasyWeibo (iOS).release.xcconfig */,
			);
			path = Pods;
			sourceTree = "<group>";
		};
		A20199B9278D32B500599C29 /* NetWork */ = {
			isa = PBXGroup;
			children = (
				A2066914278ECB8600384380 /* Apis */,
				A20199BA278D330300599C29 /* Networking */,
			);
			path = NetWork;
			sourceTree = "<group>";
		};
		A20199BA278D330300599C29 /* Networking */ = {
			isa = PBXGroup;
			children = (
				A20199BB278D330300599C29 /* ApiTest.swift */,
				A20199BC278D330300599C29 /* HTTPConfig.swift */,
			);
			path = Networking;
			sourceTree = "<group>";
		};
		A206690E278ECB0900384380 /* ViewModel */ = {
			isa = PBXGroup;
			children = (
				A206690F278ECB3500384380 /* PostDataCenter.swift */,
				A2066917278ECBBE00384380 /* UserManager.swift */,
			);
			path = ViewModel;
			sourceTree = "<group>";
		};
		A2066911278ECB4600384380 /* Moduels */ = {
			isa = PBXGroup;
			children = (
				A2066912278ECB6E00384380 /* PostMods.swift */,
			);
			path = Moduels;
			sourceTree = "<group>";
		};
		A2066914278ECB8600384380 /* Apis */ = {
			isa = PBXGroup;
			children = (
				A2066915278ECB9700384380 /* PostApis.swift */,
			);
			path = Apis;
			sourceTree = "<group>";
		};
		A208016427896B60008461DA = {
			isa = PBXGroup;
			children = (
				A208025E278970EF008461DA /* FantasyWeibo--iOS--Info.plist */,
				A208016927896B61008461DA /* App */,
				A208017227896B62008461DA /* Products */,
				752F0769FC3B2A3B23F4D682 /* Pods */,
				A208021D27896D23008461DA /* Font */,
				A339F994476B2F21EE20A99A /* Frameworks */,
			);
			sourceTree = "<group>";
		};
		A208016927896B61008461DA /* App */ = {
			isa = PBXGroup;
			children = (
				A208016A27896B61008461DA /* FantasyWeiboApp.swift */,
				A20199C8278E971400599C29 /* SceneDelegate.swift */,
				A208025A27896FF1008461DA /* AppDelegate.swift */,
				A208025B27896FF1008461DA /* DefultStore.swift */,
				A208016B27896B61008461DA /* ContentView.swift */,
				A208016C27896B62008461DA /* Assets.xcassets */,
				A208018927896CD5008461DA /* FantasyWeibo(iOS)-Bridging-Header.m */,
				A208018827896CD4008461DA /* FantasyWeibo (iOS)-Bridging-Header.h */,
				A2066911278ECB4600384380 /* Moduels */,
				A206690E278ECB0900384380 /* ViewModel */,
				A20199B9278D32B500599C29 /* NetWork */,
				A208018B27896D00008461DA /* PART */,
				A20801A227896D00008461DA /* TOOLS */,
				A20801AA27896D00008461DA /* UI */,
			);
			path = App;
			sourceTree = "<group>";
		};
		A208017227896B62008461DA /* Products */ = {
			isa = PBXGroup;
			children = (
				A208017127896B62008461DA /* Web3.app */,
			);
			name = Products;
			sourceTree = "<group>";
		};
		A208018B27896D00008461DA /* PART */ = {
			isa = PBXGroup;
			children = (
				A208018C27896D00008461DA /* Tabbar.swift */,
				A20801A027896D00008461DA /* Login */,
				A208018D27896D00008461DA /* Message&Notice */,
				A208018F27896D00008461DA /* Polular */,
				A208019527896D00008461DA /* Search */,
				A208019827896D00008461DA /* Profile */,
				A208019A27896D00008461DA /* Setting */,
				A208019C27896D00008461DA /* Timeline */,
			);
			path = PART;
			sourceTree = "<group>";
		};
		A208018D27896D00008461DA /* Message&Notice */ = {
			isa = PBXGroup;
			children = (
				A208018E27896D00008461DA /* InBoxView.swift */,
			);
			path = "Message&Notice";
			sourceTree = "<group>";
		};
		A208018F27896D00008461DA /* Polular */ = {
			isa = PBXGroup;
			children = (
				A208019027896D00008461DA /* PolularView.swift */,
				A208019127896D00008461DA /* PolularVideo.swift */,
				A208019227896D00008461DA /* PolularPost.swift */,
				A208019327896D00008461DA /* PolularSpace.swift */,
				A208019427896D00008461DA /* PolularPhoto.swift */,
			);
			path = Polular;
			sourceTree = "<group>";
		};
		A208019527896D00008461DA /* Search */ = {
			isa = PBXGroup;
			children = (
				A208019627896D00008461DA /* SearchView.swift */,
				A208019727896D00008461DA /* SearchInputView.swift */,
			);
			path = Search;
			sourceTree = "<group>";
		};
		A208019827896D00008461DA /* Profile */ = {
			isa = PBXGroup;
			children = (
				A208019927896D00008461DA /* ProFileView.swift */,
			);
			path = Profile;
			sourceTree = "<group>";
		};
		A208019A27896D00008461DA /* Setting */ = {
			isa = PBXGroup;
			children = (
				A208019B27896D00008461DA /* SettingView.swift */,
				A2066919278ED44B00384380 /* FeedBackView.swift */,
			);
			path = Setting;
			sourceTree = "<group>";
		};
		A208019C27896D00008461DA /* Timeline */ = {
			isa = PBXGroup;
			children = (
				A208019D27896D00008461DA /* PostDetailView.swift */,
				A208019E27896D00008461DA /* TimeLineView.swift */,
				A208019F27896D00008461DA /* PostRaw.swift */,
			);
			path = Timeline;
			sourceTree = "<group>";
		};
		A20801A027896D00008461DA /* Login */ = {
			isa = PBXGroup;
			children = (
				A20801A127896D00008461DA /* LoginView.swift */,
			);
			path = Login;
			sourceTree = "<group>";
		};
		A20801A227896D00008461DA /* TOOLS */ = {
			isa = PBXGroup;
			children = (
				A20801A427896D00008461DA /* UIKitViews */,
				A20801A327896D00008461DA /* LacunchManager.swift */,
				A20801A927896D00008461DA /* PublicFuncs.swift */,
			);
			path = TOOLS;
			sourceTree = "<group>";
		};
		A20801A427896D00008461DA /* UIKitViews */ = {
			isa = PBXGroup;
			children = (
				A20801A527896D00008461DA /* MT_PageSegmentView.swift */,
				A20801A627896D00008461DA /* WebView.swift */,
				A20801A727896D00008461DA /* MT_PageScrollowView.swift */,
				A20801A827896D00008461DA /* PF_TextField.swift */,
			);
			path = UIKitViews;
			sourceTree = "<group>";
		};
		A20801AA27896D00008461DA /* UI */ = {
			isa = PBXGroup;
			children = (
				A20801AB27896D00008461DA /* Buttons.swift */,
				A20801AC27896D00008461DA /* UIConfig */,
				A20801B027896D00008461DA /* UIstate.swift */,
			);
			path = UI;
			sourceTree = "<group>";
		};
		A20801AC27896D00008461DA /* UIConfig */ = {
			isa = PBXGroup;
			children = (
				A20801AD27896D00008461DA /* Comps.swift */,
				A20801AE27896D00008461DA /* Font.swift */,
				A20801AF27896D00008461DA /* Color.swift */,
			);
			path = UIConfig;
			sourceTree = "<group>";
		};
		A208021D27896D23008461DA /* Font */ = {
			isa = PBXGroup;
			children = (
				A20802612789771A008461DA /* MiSans-Normal.ttf */,
				A208022C27896D23008461DA /* MiSans-Semibold.ttf */,
			);
			path = Font;
			sourceTree = "<group>";
		};
		A339F994476B2F21EE20A99A /* Frameworks */ = {
			isa = PBXGroup;
			children = (
				AF88F2E2428E944BAA7434CC /* Pods_FantasyWeibo__iOS_.framework */,
			);
			name = Frameworks;
			sourceTree = "<group>";
		};
/* End PBXGroup section */

/* Begin PBXNativeTarget section */
		A208017027896B62008461DA /* FantasyWeibo (iOS) */ = {
			isa = PBXNativeTarget;
			buildConfigurationList = A208018227896B62008461DA /* Build configuration list for PBXNativeTarget "FantasyWeibo (iOS)" */;
			buildPhases = (
				469165EDF2E8026C4F6C55EF /* [CP] Check Pods Manifest.lock */,
				A208016D27896B62008461DA /* Sources */,
				A208016E27896B62008461DA /* Frameworks */,
				A208016F27896B62008461DA /* Resources */,
				0F7BD1BBB181C7C88486353A /* [CP] Embed Pods Frameworks */,
				CBA31A9831C504EC3111E642 /* [CP] Copy Pods Resources */,
			);
			buildRules = (
			);
			dependencies = (
			);
			name = "FantasyWeibo (iOS)";
			productName = "FantasyWeibo (iOS)";
			productReference = A208017127896B62008461DA /* Web3.app */;
			productType = "com.apple.product-type.application";
		};
/* End PBXNativeTarget section */

/* Begin PBXProject section */
		A208016527896B60008461DA /* Project object */ = {
			isa = PBXProject;
			attributes = {
				BuildIndependentTargetsInParallel = 1;
				LastSwiftUpdateCheck = 1320;
				LastUpgradeCheck = 1320;
				TargetAttributes = {
					A208017027896B62008461DA = {
						CreatedOnToolsVersion = 13.2.1;
						LastSwiftMigration = 1320;
					};
				};
			};
			buildConfigurationList = A208016827896B60008461DA /* Build configuration list for PBXProject "FantasyWeibo" */;
			compatibilityVersion = "Xcode 13.0";
			developmentRegion = en;
			hasScannedForEncodings = 0;
			knownRegions = (
				en,
				Base,
			);
			mainGroup = A208016427896B60008461DA;
			productRefGroup = A208017227896B62008461DA /* Products */;
			projectDirPath = "";
			projectRoot = "";
			targets = (
				A208017027896B62008461DA /* FantasyWeibo (iOS) */,
			);
		};
/* End PBXProject section */

/* Begin PBXResourcesBuildPhase section */
		A208016F27896B62008461DA /* Resources */ = {
			isa = PBXResourcesBuildPhase;
			buildActionMask = 2147483647;
			files = (
				A2080260278974D1008461DA /* MiSans-Semibold.ttf in Resources */,
				A20802622789771A008461DA /* MiSans-Normal.ttf in Resources */,
				A208017E27896B62008461DA /* Assets.xcassets in Resources */,
			);
			runOnlyForDeploymentPostprocessing = 0;
		};
/* End PBXResourcesBuildPhase section */

/* Begin PBXShellScriptBuildPhase section */
		0F7BD1BBB181C7C88486353A /* [CP] Embed Pods Frameworks */ = {
			isa = PBXShellScriptBuildPhase;
			buildActionMask = 2147483647;
			files = (
			);
			inputFileListPaths = (
				"${PODS_ROOT}/Target Support Files/Pods-FantasyWeibo (iOS)/Pods-FantasyWeibo (iOS)-frameworks-${CONFIGURATION}-input-files.xcfilelist",
			);
			name = "[CP] Embed Pods Frameworks";
			outputFileListPaths = (
				"${PODS_ROOT}/Target Support Files/Pods-FantasyWeibo (iOS)/Pods-FantasyWeibo (iOS)-frameworks-${CONFIGURATION}-output-files.xcfilelist",
			);
			runOnlyForDeploymentPostprocessing = 0;
			shellPath = /bin/sh;
			shellScript = "\"${PODS_ROOT}/Target Support Files/Pods-FantasyWeibo (iOS)/Pods-FantasyWeibo (iOS)-frameworks.sh\"\n";
			showEnvVarsInLog = 0;
		};
		469165EDF2E8026C4F6C55EF /* [CP] Check Pods Manifest.lock */ = {
			isa = PBXShellScriptBuildPhase;
			buildActionMask = 2147483647;
			files = (
			);
			inputFileListPaths = (
			);
			inputPaths = (
				"${PODS_PODFILE_DIR_PATH}/Podfile.lock",
				"${PODS_ROOT}/Manifest.lock",
			);
			name = "[CP] Check Pods Manifest.lock";
			outputFileListPaths = (
			);
			outputPaths = (
				"$(DERIVED_FILE_DIR)/Pods-FantasyWeibo (iOS)-checkManifestLockResult.txt",
			);
			runOnlyForDeploymentPostprocessing = 0;
			shellPath = /bin/sh;
			shellScript = "diff \"${PODS_PODFILE_DIR_PATH}/Podfile.lock\" \"${PODS_ROOT}/Manifest.lock\" > /dev/null\nif [ $? != 0 ] ; then\n    # print error to STDERR\n    echo \"error: The sandbox is not in sync with the Podfile.lock. Run 'pod install' or update your CocoaPods installation.\" >&2\n    exit 1\nfi\n# This output is used by Xcode 'outputs' to avoid re-running this script phase.\necho \"SUCCESS\" > \"${SCRIPT_OUTPUT_FILE_0}\"\n";
			showEnvVarsInLog = 0;
		};
		CBA31A9831C504EC3111E642 /* [CP] Copy Pods Resources */ = {
			isa = PBXShellScriptBuildPhase;
			buildActionMask = 2147483647;
			files = (
			);
			inputFileListPaths = (
				"${PODS_ROOT}/Target Support Files/Pods-FantasyWeibo (iOS)/Pods-FantasyWeibo (iOS)-resources-${CONFIGURATION}-input-files.xcfilelist",
			);
			name = "[CP] Copy Pods Resources";
			outputFileListPaths = (
				"${PODS_ROOT}/Target Support Files/Pods-FantasyWeibo (iOS)/Pods-FantasyWeibo (iOS)-resources-${CONFIGURATION}-output-files.xcfilelist",
			);
			runOnlyForDeploymentPostprocessing = 0;
			shellPath = /bin/sh;
			shellScript = "\"${PODS_ROOT}/Target Support Files/Pods-FantasyWeibo (iOS)/Pods-FantasyWeibo (iOS)-resources.sh\"\n";
			showEnvVarsInLog = 0;
		};
/* End PBXShellScriptBuildPhase section */

/* Begin PBXSourcesBuildPhase section */
		A208016D27896B62008461DA /* Sources */ = {
			isa = PBXSourcesBuildPhase;
			buildActionMask = 2147483647;
			files = (
				A20801B327896D00008461DA /* PolularView.swift in Sources */,
				A20801BE27896D00008461DA /* PostRaw.swift in Sources */,
				A2066918278ECBBE00384380 /* UserManager.swift in Sources */,
				A20199BD278D330300599C29 /* ApiTest.swift in Sources */,
				A20801C727896D00008461DA /* Comps.swift in Sources */,
				A20801C027896D00008461DA /* LacunchManager.swift in Sources */,
				A20801B527896D00008461DA /* PolularPost.swift in Sources */,
				A2066913278ECB6E00384380 /* PostMods.swift in Sources */,
				A20801B627896D00008461DA /* PolularSpace.swift in Sources */,
				A20199C9278E971400599C29 /* SceneDelegate.swift in Sources */,
				A20801CA27896D00008461DA /* UIstate.swift in Sources */,
				A20801C327896D00008461DA /* MT_PageScrollowView.swift in Sources */,
				A20801BB27896D00008461DA /* SettingView.swift in Sources */,
				A20801C227896D00008461DA /* WebView.swift in Sources */,
				A20801C927896D00008461DA /* Color.swift in Sources */,
				A2066910278ECB3500384380 /* PostDataCenter.swift in Sources */,
				A208025D27896FF2008461DA /* DefultStore.swift in Sources */,
				A208017C27896B62008461DA /* ContentView.swift in Sources */,
				A2066916278ECB9700384380 /* PostApis.swift in Sources */,
				A20801B227896D00008461DA /* InBoxView.swift in Sources */,
				A20801BC27896D00008461DA /* PostDetailView.swift in Sources */,
				A20801B927896D00008461DA /* SearchInputView.swift in Sources */,
				A208018A27896CD5008461DA /* FantasyWeibo(iOS)-Bridging-Header.m in Sources */,
				A208017A27896B62008461DA /* FantasyWeiboApp.swift in Sources */,
				A20801B427896D00008461DA /* PolularVideo.swift in Sources */,
				A208025C27896FF2008461DA /* AppDelegate.swift in Sources */,
				A20801BF27896D00008461DA /* LoginView.swift in Sources */,
				A20801C127896D00008461DA /* MT_PageSegmentView.swift in Sources */,
				A20801B727896D00008461DA /* PolularPhoto.swift in Sources */,
				A20801C527896D00008461DA /* PublicFuncs.swift in Sources */,
				A20801BA27896D00008461DA /* ProFileView.swift in Sources */,
				A20801C627896D00008461DA /* Buttons.swift in Sources */,
				A206691A278ED44B00384380 /* FeedBackView.swift in Sources */,
				A20801B127896D00008461DA /* Tabbar.swift in Sources */,
				A20801C827896D00008461DA /* Font.swift in Sources */,
				A20801B827896D00008461DA /* SearchView.swift in Sources */,
				A20801BD27896D00008461DA /* TimeLineView.swift in Sources */,
				A20801C427896D00008461DA /* PF_TextField.swift in Sources */,
				A20199BE278D330300599C29 /* HTTPConfig.swift in Sources */,
			);
			runOnlyForDeploymentPostprocessing = 0;
		};
/* End PBXSourcesBuildPhase section */

/* Begin XCBuildConfiguration section */
		A208018027896B62008461DA /* Debug */ = {
			isa = XCBuildConfiguration;
			buildSettings = {
				ALWAYS_SEARCH_USER_PATHS = NO;
				CLANG_ANALYZER_NONNULL = YES;
				CLANG_ANALYZER_NUMBER_OBJECT_CONVERSION = YES_AGGRESSIVE;
				CLANG_CXX_LANGUAGE_STANDARD = "gnu++17";
				CLANG_CXX_LIBRARY = "libc++";
				CLANG_ENABLE_MODULES = YES;
				CLANG_ENABLE_OBJC_ARC = YES;
				CLANG_ENABLE_OBJC_WEAK = YES;
				CLANG_WARN_BLOCK_CAPTURE_AUTORELEASING = YES;
				CLANG_WARN_BOOL_CONVERSION = YES;
				CLANG_WARN_COMMA = YES;
				CLANG_WARN_CONSTANT_CONVERSION = YES;
				CLANG_WARN_DEPRECATED_OBJC_IMPLEMENTATIONS = YES;
				CLANG_WARN_DIRECT_OBJC_ISA_USAGE = YES_ERROR;
				CLANG_WARN_DOCUMENTATION_COMMENTS = YES;
				CLANG_WARN_EMPTY_BODY = YES;
				CLANG_WARN_ENUM_CONVERSION = YES;
				CLANG_WARN_INFINITE_RECURSION = YES;
				CLANG_WARN_INT_CONVERSION = YES;
				CLANG_WARN_NON_LITERAL_NULL_CONVERSION = YES;
				CLANG_WARN_OBJC_IMPLICIT_RETAIN_SELF = YES;
				CLANG_WARN_OBJC_LITERAL_CONVERSION = YES;
				CLANG_WARN_OBJC_ROOT_CLASS = YES_ERROR;
				CLANG_WARN_QUOTED_INCLUDE_IN_FRAMEWORK_HEADER = YES;
				CLANG_WARN_RANGE_LOOP_ANALYSIS = YES;
				CLANG_WARN_STRICT_PROTOTYPES = YES;
				CLANG_WARN_SUSPICIOUS_MOVE = YES;
				CLANG_WARN_UNGUARDED_AVAILABILITY = YES_AGGRESSIVE;
				CLANG_WARN_UNREACHABLE_CODE = YES;
				CLANG_WARN__DUPLICATE_METHOD_MATCH = YES;
				COPY_PHASE_STRIP = NO;
				DEBUG_INFORMATION_FORMAT = dwarf;
				ENABLE_STRICT_OBJC_MSGSEND = YES;
				ENABLE_TESTABILITY = YES;
				GCC_C_LANGUAGE_STANDARD = gnu11;
				GCC_DYNAMIC_NO_PIC = NO;
				GCC_NO_COMMON_BLOCKS = YES;
				GCC_OPTIMIZATION_LEVEL = 0;
				GCC_PREPROCESSOR_DEFINITIONS = (
					"DEBUG=1",
					"$(inherited)",
				);
				GCC_WARN_64_TO_32_BIT_CONVERSION = YES;
				GCC_WARN_ABOUT_RETURN_TYPE = YES_ERROR;
				GCC_WARN_UNDECLARED_SELECTOR = YES;
				GCC_WARN_UNINITIALIZED_AUTOS = YES_AGGRESSIVE;
				GCC_WARN_UNUSED_FUNCTION = YES;
				GCC_WARN_UNUSED_VARIABLE = YES;
				IPHONEOS_DEPLOYMENT_TARGET = 14.4;
				MTL_ENABLE_DEBUG_INFO = INCLUDE_SOURCE;
				MTL_FAST_MATH = YES;
				ONLY_ACTIVE_ARCH = YES;
				SWIFT_ACTIVE_COMPILATION_CONDITIONS = DEBUG;
				SWIFT_OPTIMIZATION_LEVEL = "-Onone";
			};
			name = Debug;
		};
		A208018127896B62008461DA /* Release */ = {
			isa = XCBuildConfiguration;
			buildSettings = {
				ALWAYS_SEARCH_USER_PATHS = NO;
				CLANG_ANALYZER_NONNULL = YES;
				CLANG_ANALYZER_NUMBER_OBJECT_CONVERSION = YES_AGGRESSIVE;
				CLANG_CXX_LANGUAGE_STANDARD = "gnu++17";
				CLANG_CXX_LIBRARY = "libc++";
				CLANG_ENABLE_MODULES = YES;
				CLANG_ENABLE_OBJC_ARC = YES;
				CLANG_ENABLE_OBJC_WEAK = YES;
				CLANG_WARN_BLOCK_CAPTURE_AUTORELEASING = YES;
				CLANG_WARN_BOOL_CONVERSION = YES;
				CLANG_WARN_COMMA = YES;
				CLANG_WARN_CONSTANT_CONVERSION = YES;
				CLANG_WARN_DEPRECATED_OBJC_IMPLEMENTATIONS = YES;
				CLANG_WARN_DIRECT_OBJC_ISA_USAGE = YES_ERROR;
				CLANG_WARN_DOCUMENTATION_COMMENTS = YES;
				CLANG_WARN_EMPTY_BODY = YES;
				CLANG_WARN_ENUM_CONVERSION = YES;
				CLANG_WARN_INFINITE_RECURSION = YES;
				CLANG_WARN_INT_CONVERSION = YES;
				CLANG_WARN_NON_LITERAL_NULL_CONVERSION = YES;
				CLANG_WARN_OBJC_IMPLICIT_RETAIN_SELF = YES;
				CLANG_WARN_OBJC_LITERAL_CONVERSION = YES;
				CLANG_WARN_OBJC_ROOT_CLASS = YES_ERROR;
				CLANG_WARN_QUOTED_INCLUDE_IN_FRAMEWORK_HEADER = YES;
				CLANG_WARN_RANGE_LOOP_ANALYSIS = YES;
				CLANG_WARN_STRICT_PROTOTYPES = YES;
				CLANG_WARN_SUSPICIOUS_MOVE = YES;
				CLANG_WARN_UNGUARDED_AVAILABILITY = YES_AGGRESSIVE;
				CLANG_WARN_UNREACHABLE_CODE = YES;
				CLANG_WARN__DUPLICATE_METHOD_MATCH = YES;
				COPY_PHASE_STRIP = NO;
				DEBUG_INFORMATION_FORMAT = "dwarf-with-dsym";
				ENABLE_NS_ASSERTIONS = NO;
				ENABLE_STRICT_OBJC_MSGSEND = YES;
				GCC_C_LANGUAGE_STANDARD = gnu11;
				GCC_NO_COMMON_BLOCKS = YES;
				GCC_WARN_64_TO_32_BIT_CONVERSION = YES;
				GCC_WARN_ABOUT_RETURN_TYPE = YES_ERROR;
				GCC_WARN_UNDECLARED_SELECTOR = YES;
				GCC_WARN_UNINITIALIZED_AUTOS = YES_AGGRESSIVE;
				GCC_WARN_UNUSED_FUNCTION = YES;
				GCC_WARN_UNUSED_VARIABLE = YES;
				IPHONEOS_DEPLOYMENT_TARGET = 14.4;
				MTL_ENABLE_DEBUG_INFO = NO;
				MTL_FAST_MATH = YES;
				SWIFT_COMPILATION_MODE = wholemodule;
				SWIFT_OPTIMIZATION_LEVEL = "-O";
			};
			name = Release;
		};
		A208018327896B62008461DA /* Debug */ = {
			isa = XCBuildConfiguration;
			baseConfigurationReference = 776E55F5B1444D47B6731114 /* Pods-FantasyWeibo (iOS).debug.xcconfig */;
			buildSettings = {
				ASSETCATALOG_COMPILER_APPICON_NAME = AppIcon;
				ASSETCATALOG_COMPILER_GLOBAL_ACCENT_COLOR_NAME = AccentColor;
				CLANG_ENABLE_MODULES = YES;
				CODE_SIGN_STYLE = Automatic;
				CURRENT_PROJECT_VERSION = 2;
				DEVELOPMENT_TEAM = 6UB6WM6VQR;
				ENABLE_PREVIEWS = YES;
				GENERATE_INFOPLIST_FILE = YES;
				INFOPLIST_FILE = "FantasyWeibo--iOS--Info.plist";
				INFOPLIST_KEY_UIApplicationSceneManifest_Generation = YES;
				INFOPLIST_KEY_UIApplicationSupportsIndirectInputEvents = YES;
				INFOPLIST_KEY_UILaunchScreen_Generation = YES;
				INFOPLIST_KEY_UISupportedInterfaceOrientations_iPad = "UIInterfaceOrientationPortrait UIInterfaceOrientationPortraitUpsideDown UIInterfaceOrientationLandscapeLeft UIInterfaceOrientationLandscapeRight";
				INFOPLIST_KEY_UISupportedInterfaceOrientations_iPhone = "UIInterfaceOrientationPortrait UIInterfaceOrientationLandscapeLeft UIInterfaceOrientationLandscapeRight";
				IPHONEOS_DEPLOYMENT_TARGET = 14.1;
				LD_RUNPATH_SEARCH_PATHS = (
					"$(inherited)",
					"@executable_path/Frameworks",
				);
				MARKETING_VERSION = 1.0.1;
				PRODUCT_BUNDLE_IDENTIFIER = com.fantasy.FantasyWeibo;
				PRODUCT_NAME = Web3;
				SDKROOT = iphoneos;
				SWIFT_EMIT_LOC_STRINGS = YES;
				SWIFT_OBJC_BRIDGING_HEADER = "App/FantasyWeibo (iOS)-Bridging-Header.h";
				SWIFT_OPTIMIZATION_LEVEL = "-Onone";
				SWIFT_VERSION = 5.0;
				TARGETED_DEVICE_FAMILY = 1;
			};
			name = Debug;
		};
		A208018427896B62008461DA /* Release */ = {
			isa = XCBuildConfiguration;
			baseConfigurationReference = 59ABB73B26A97160BE2DD990 /* Pods-FantasyWeibo (iOS).release.xcconfig */;
			buildSettings = {
				ASSETCATALOG_COMPILER_APPICON_NAME = AppIcon;
				ASSETCATALOG_COMPILER_GLOBAL_ACCENT_COLOR_NAME = AccentColor;
				CLANG_ENABLE_MODULES = YES;
				CODE_SIGN_STYLE = Automatic;
				CURRENT_PROJECT_VERSION = 2;
				DEVELOPMENT_TEAM = 6UB6WM6VQR;
				ENABLE_PREVIEWS = YES;
				GENERATE_INFOPLIST_FILE = YES;
				INFOPLIST_FILE = "FantasyWeibo--iOS--Info.plist";
				INFOPLIST_KEY_UIApplicationSceneManifest_Generation = YES;
				INFOPLIST_KEY_UIApplicationSupportsIndirectInputEvents = YES;
				INFOPLIST_KEY_UILaunchScreen_Generation = YES;
				INFOPLIST_KEY_UISupportedInterfaceOrientations_iPad = "UIInterfaceOrientationPortrait UIInterfaceOrientationPortraitUpsideDown UIInterfaceOrientationLandscapeLeft UIInterfaceOrientationLandscapeRight";
				INFOPLIST_KEY_UISupportedInterfaceOrientations_iPhone = "UIInterfaceOrientationPortrait UIInterfaceOrientationLandscapeLeft UIInterfaceOrientationLandscapeRight";
				IPHONEOS_DEPLOYMENT_TARGET = 14.1;
				LD_RUNPATH_SEARCH_PATHS = (
					"$(inherited)",
					"@executable_path/Frameworks",
				);
				MARKETING_VERSION = 1.0.1;
				PRODUCT_BUNDLE_IDENTIFIER = com.fantasy.FantasyWeibo;
				PRODUCT_NAME = Web3;
				SDKROOT = iphoneos;
				SWIFT_EMIT_LOC_STRINGS = YES;
				SWIFT_OBJC_BRIDGING_HEADER = "App/FantasyWeibo (iOS)-Bridging-Header.h";
				SWIFT_VERSION = 5.0;
				TARGETED_DEVICE_FAMILY = 1;
				VALIDATE_PRODUCT = YES;
			};
			name = Release;
		};
/* End XCBuildConfiguration section */

/* Begin XCConfigurationList section */
		A208016827896B60008461DA /* Build configuration list for PBXProject "FantasyWeibo" */ = {
			isa = XCConfigurationList;
			buildConfigurations = (
				A208018027896B62008461DA /* Debug */,
				A208018127896B62008461DA /* Release */,
			);
			defaultConfigurationIsVisible = 0;
			defaultConfigurationName = Release;
		};
		A208018227896B62008461DA /* Build configuration list for PBXNativeTarget "FantasyWeibo (iOS)" */ = {
			isa = XCConfigurationList;
			buildConfigurations = (
				A208018327896B62008461DA /* Debug */,
				A208018427896B62008461DA /* Release */,
			);
			defaultConfigurationIsVisible = 0;
			defaultConfigurationName = Release;
		};
/* End XCConfigurationList section */
	};
	rootObject = A208016527896B60008461DA /* Project object */;
}
